
Microsoft Visual Studio Solution File, Format Version 12.00
# Visual Studio Version 16
VisualStudioVersion = 16.0.32802.440
MinimumVisualStudioVersion = 10.0.40219.1
Project("{FAE04EC0-301F-11D3-BF4B-00C04F79EFBC}") = "13 largest and smallest in array", "13 largest and smallest in array\13 largest and smallest in array.csproj", "{C3DB164C-9AC5-474D-BFFC-DCADFB82F6BE}"
EndProject
Global
	GlobalSection(SolutionConfigurationPlatforms) = preSolution
		Debug|Any CPU = Debug|Any CPU
		Release|Any CPU = Release|Any CPU
	EndGlobalSection
	GlobalSection(ProjectConfigurationPlatforms) = postSolution
		{C3DB164C-9AC5-474D-BFFC-DCADFB82F6BE}.Debug|Any CPU.ActiveCfg = Debug|Any CPU
		{C3DB164C-9AC5-474D-BFFC-DCADFB82F6BE}.Debug|Any CPU.Build.0 = Debug|Any CPU
		{C3DB164C-9AC5-474D-BFFC-DCADFB82F6BE}.Release|Any CPU.ActiveCfg = Release|Any CPU
		{C3DB164C-9AC5-474D-BFFC-DCADFB82F6BE}.Release|Any CPU.Build.0 = Release|Any CPU
	EndGlobalSection
	GlobalSection(SolutionProperties) = preSolution
		HideSolutionNode = FALSE
	EndGlobalSection
	GlobalSection(ExtensibilityGlobals) = postSolution
		SolutionGuid = {46B3264F-3AA1-43B8-9631-2FD33C35CE68}
	EndGlobalSection
EndGlobal
